// !$*UTF8*$!
{
	archiveVersion = 1;
	classes = {
	};
	objectVersion = 46;
	objects = {

/* Begin PBXBuildFile section */
		851322971BC7941100BE09D2 /* main.m in Sources */ = {isa = PBXBuildFile; fileRef = 851322961BC7941100BE09D2 /* main.m */; };
		8513229A1BC7941100BE09D2 /* AppDelegate.m in Sources */ = {isa = PBXBuildFile; fileRef = 851322991BC7941100BE09D2 /* AppDelegate.m */; };
		8513229D1BC7941100BE09D2 /* ViewController.m in Sources */ = {isa = PBXBuildFile; fileRef = 8513229C1BC7941100BE09D2 /* ViewController.m */; };
		851322A01BC7941100BE09D2 /* Main.storyboard in Resources */ = {isa = PBXBuildFile; fileRef = 8513229E1BC7941100BE09D2 /* Main.storyboard */; };
		851322A21BC7941100BE09D2 /* Assets.xcassets in Resources */ = {isa = PBXBuildFile; fileRef = 851322A11BC7941100BE09D2 /* Assets.xcassets */; };
		851322A51BC7941100BE09D2 /* LaunchScreen.storyboard in Resources */ = {isa = PBXBuildFile; fileRef = 851322A31BC7941100BE09D2 /* LaunchScreen.storyboard */; };
		851322B01BC7941100BE09D2 /* NavigationAnimationTests.m in Sources */ = {isa = PBXBuildFile; fileRef = 851322AF1BC7941100BE09D2 /* NavigationAnimationTests.m */; };
		851322BB1BC7941100BE09D2 /* NavigationAnimationUITests.m in Sources */ = {isa = PBXBuildFile; fileRef = 851322BA1BC7941100BE09D2 /* NavigationAnimationUITests.m */; };
		851322CD1BC794CB00BE09D2 /* LIUBaseViewController.m in Sources */ = {isa = PBXBuildFile; fileRef = 851322CC1BC794CB00BE09D2 /* LIUBaseViewController.m */; };
		851322D01BC7959800BE09D2 /* LIUAnimationManager.m in Sources */ = {isa = PBXBuildFile; fileRef = 851322CF1BC7959800BE09D2 /* LIUAnimationManager.m */; };
		851322D61BC79A0300BE09D2 /* LIUBaseAnimation.m in Sources */ = {isa = PBXBuildFile; fileRef = 851322D51BC79A0300BE09D2 /* LIUBaseAnimation.m */; };
		851322DC1BC7A8DF00BE09D2 /* LIUCustomAnimation.m in Sources */ = {isa = PBXBuildFile; fileRef = 851322DB1BC7A8DF00BE09D2 /* LIUCustomAnimation.m */; };
		8586A5941BD0CFE80017B971 /* LIUTransitionAnimation.m in Sources */ = {isa = PBXBuildFile; fileRef = 8586A5931BD0CFE80017B971 /* LIUTransitionAnimation.m */; };
		8586A5971BD0D3BA0017B971 /* BViewController.m in Sources */ = {isa = PBXBuildFile; fileRef = 8586A5961BD0D3BA0017B971 /* BViewController.m */; };
		8586A59A1BD0D3C20017B971 /* CViewController.m in Sources */ = {isa = PBXBuildFile; fileRef = 8586A5991BD0D3C20017B971 /* CViewController.m */; };
		85BDB50A1BE0D300007D61E1 /* DViewController.m in Sources */ = {isa = PBXBuildFile; fileRef = 85BDB5081BE0D300007D61E1 /* DViewController.m */; };
		85BDB50B1BE0D300007D61E1 /* DViewController.xib in Resources */ = {isa = PBXBuildFile; fileRef = 85BDB5091BE0D300007D61E1 /* DViewController.xib */; };
		85EA73551BE09ED2002189C4 /* LIUBaseInterfaceAnimation.m in Sources */ = {isa = PBXBuildFile; fileRef = 85EA73541BE09ED2002189C4 /* LIUBaseInterfaceAnimation.m */; };
		85EA73581BE0ABD7002189C4 /* LIUInterfaceTranManager.m in Sources */ = {isa = PBXBuildFile; fileRef = 85EA73571BE0ABD6002189C4 /* LIUInterfaceTranManager.m */; };
/* End PBXBuildFile section */

/* Begin PBXContainerItemProxy section */
		851322AC1BC7941100BE09D2 /* PBXContainerItemProxy */ = {
			isa = PBXContainerItemProxy;
			containerPortal = 8513228A1BC7941100BE09D2 /* Project object */;
			proxyType = 1;
			remoteGlobalIDString = 851322911BC7941100BE09D2;
			remoteInfo = NavigationAnimation;
		};
		851322B71BC7941100BE09D2 /* PBXContainerItemProxy */ = {
			isa = PBXContainerItemProxy;
			containerPortal = 8513228A1BC7941100BE09D2 /* Project object */;
			proxyType = 1;
			remoteGlobalIDString = 851322911BC7941100BE09D2;
			remoteInfo = NavigationAnimation;
		};
/* End PBXContainerItemProxy section */

/* Begin PBXFileReference section */
		851322921BC7941100BE09D2 /* NavigationAnimation.app */ = {isa = PBXFileReference; explicitFileType = wrapper.application; includeInIndex = 0; path = NavigationAnimation.app; sourceTree = BUILT_PRODUCTS_DIR; };
		851322961BC7941100BE09D2 /* main.m */ = {isa = PBXFileReference; lastKnownFileType = sourcecode.c.objc; path = main.m; sourceTree = "<group>"; };
		851322981BC7941100BE09D2 /* AppDelegate.h */ = {isa = PBXFileReference; lastKnownFileType = sourcecode.c.h; path = AppDelegate.h; sourceTree = "<group>"; };
		851322991BC7941100BE09D2 /* AppDelegate.m */ = {isa = PBXFileReference; lastKnownFileType = sourcecode.c.objc; path = AppDelegate.m; sourceTree = "<group>"; };
		8513229B1BC7941100BE09D2 /* ViewController.h */ = {isa = PBXFileReference; lastKnownFileType = sourcecode.c.h; path = ViewController.h; sourceTree = "<group>"; };
		8513229C1BC7941100BE09D2 /* ViewController.m */ = {isa = PBXFileReference; lastKnownFileType = sourcecode.c.objc; path = ViewController.m; sourceTree = "<group>"; };
		8513229F1BC7941100BE09D2 /* Base */ = {isa = PBXFileReference; lastKnownFileType = file.storyboard; name = Base; path = Base.lproj/Main.storyboard; sourceTree = "<group>"; };
		851322A11BC7941100BE09D2 /* Assets.xcassets */ = {isa = PBXFileReference; lastKnownFileType = folder.assetcatalog; path = Assets.xcassets; sourceTree = "<group>"; };
		851322A41BC7941100BE09D2 /* Base */ = {isa = PBXFileReference; lastKnownFileType = file.storyboard; name = Base; path = Base.lproj/LaunchScreen.storyboard; sourceTree = "<group>"; };
		851322A61BC7941100BE09D2 /* Info.plist */ = {isa = PBXFileReference; lastKnownFileType = text.plist.xml; path = Info.plist; sourceTree = "<group>"; };
		851322AB1BC7941100BE09D2 /* NavigationAnimationTests.xctest */ = {isa = PBXFileReference; explicitFileType = wrapper.cfbundle; includeInIndex = 0; path = NavigationAnimationTests.xctest; sourceTree = BUILT_PRODUCTS_DIR; };
		851322AF1BC7941100BE09D2 /* NavigationAnimationTests.m */ = {isa = PBXFileReference; lastKnownFileType = sourcecode.c.objc; path = NavigationAnimationTests.m; sourceTree = "<group>"; };
		851322B11BC7941100BE09D2 /* Info.plist */ = {isa = PBXFileReference; lastKnownFileType = text.plist.xml; path = Info.plist; sourceTree = "<group>"; };
		851322B61BC7941100BE09D2 /* NavigationAnimationUITests.xctest */ = {isa = PBXFileReference; explicitFileType = wrapper.cfbundle; includeInIndex = 0; path = NavigationAnimationUITests.xctest; sourceTree = BUILT_PRODUCTS_DIR; };
		851322BA1BC7941100BE09D2 /* NavigationAnimationUITests.m */ = {isa = PBXFileReference; lastKnownFileType = sourcecode.c.objc; path = NavigationAnimationUITests.m; sourceTree = "<group>"; };
		851322BC1BC7941100BE09D2 /* Info.plist */ = {isa = PBXFileReference; lastKnownFileType = text.plist.xml; path = Info.plist; sourceTree = "<group>"; };
		851322CB1BC794CB00BE09D2 /* LIUBaseViewController.h */ = {isa = PBXFileReference; fileEncoding = 4; lastKnownFileType = sourcecode.c.h; path = LIUBaseViewController.h; sourceTree = "<group>"; };
		851322CC1BC794CB00BE09D2 /* LIUBaseViewController.m */ = {isa = PBXFileReference; fileEncoding = 4; lastKnownFileType = sourcecode.c.objc; path = LIUBaseViewController.m; sourceTree = "<group>"; };
		851322CE1BC7959800BE09D2 /* LIUAnimationManager.h */ = {isa = PBXFileReference; fileEncoding = 4; lastKnownFileType = sourcecode.c.h; path = LIUAnimationManager.h; sourceTree = "<group>"; };
		851322CF1BC7959800BE09D2 /* LIUAnimationManager.m */ = {isa = PBXFileReference; fileEncoding = 4; lastKnownFileType = sourcecode.c.objc; path = LIUAnimationManager.m; sourceTree = "<group>"; };
		851322D41BC79A0300BE09D2 /* LIUBaseAnimation.h */ = {isa = PBXFileReference; fileEncoding = 4; lastKnownFileType = sourcecode.c.h; path = LIUBaseAnimation.h; sourceTree = "<group>"; };
		851322D51BC79A0300BE09D2 /* LIUBaseAnimation.m */ = {isa = PBXFileReference; fileEncoding = 4; lastKnownFileType = sourcecode.c.objc; path = LIUBaseAnimation.m; sourceTree = "<group>"; };
		851322DA1BC7A8DF00BE09D2 /* LIUCustomAnimation.h */ = {isa = PBXFileReference; fileEncoding = 4; lastKnownFileType = sourcecode.c.h; path = LIUCustomAnimation.h; sourceTree = "<group>"; };
		851322DB1BC7A8DF00BE09D2 /* LIUCustomAnimation.m */ = {isa = PBXFileReference; fileEncoding = 4; lastKnownFileType = sourcecode.c.objc; path = LIUCustomAnimation.m; sourceTree = "<group>"; };
		8586A5921BD0CFE80017B971 /* LIUTransitionAnimation.h */ = {isa = PBXFileReference; fileEncoding = 4; lastKnownFileType = sourcecode.c.h; path = LIUTransitionAnimation.h; sourceTree = "<group>"; };
		8586A5931BD0CFE80017B971 /* LIUTransitionAnimation.m */ = {isa = PBXFileReference; fileEncoding = 4; lastKnownFileType = sourcecode.c.objc; path = LIUTransitionAnimation.m; sourceTree = "<group>"; };
		8586A5951BD0D3BA0017B971 /* BViewController.h */ = {isa = PBXFileReference; fileEncoding = 4; lastKnownFileType = sourcecode.c.h; path = BViewController.h; sourceTree = "<group>"; };
		8586A5961BD0D3BA0017B971 /* BViewController.m */ = {isa = PBXFileReference; fileEncoding = 4; lastKnownFileType = sourcecode.c.objc; path = BViewController.m; sourceTree = "<group>"; };
		8586A5981BD0D3C20017B971 /* CViewController.h */ = {isa = PBXFileReference; fileEncoding = 4; lastKnownFileType = sourcecode.c.h; path = CViewController.h; sourceTree = "<group>"; };
		8586A5991BD0D3C20017B971 /* CViewController.m */ = {isa = PBXFileReference; fileEncoding = 4; lastKnownFileType = sourcecode.c.objc; path = CViewController.m; sourceTree = "<group>"; };
		85BDB5071BE0D300007D61E1 /* DViewController.h */ = {isa = PBXFileReference; fileEncoding = 4; lastKnownFileType = sourcecode.c.h; path = DViewController.h; sourceTree = "<group>"; };
		85BDB5081BE0D300007D61E1 /* DViewController.m */ = {isa = PBXFileReference; fileEncoding = 4; lastKnownFileType = sourcecode.c.objc; path = DViewController.m; sourceTree = "<group>"; };
		85BDB5091BE0D300007D61E1 /* DViewController.xib */ = {isa = PBXFileReference; fileEncoding = 4; lastKnownFileType = file.xib; path = DViewController.xib; sourceTree = "<group>"; };
		85EA73531BE09ED2002189C4 /* LIUBaseInterfaceAnimation.h */ = {isa = PBXFileReference; fileEncoding = 4; lastKnownFileType = sourcecode.c.h; path = LIUBaseInterfaceAnimation.h; sourceTree = "<group>"; };
		85EA73541BE09ED2002189C4 /* LIUBaseInterfaceAnimation.m */ = {isa = PBXFileReference; fileEncoding = 4; lastKnownFileType = sourcecode.c.objc; path = LIUBaseInterfaceAnimation.m; sourceTree = "<group>"; };
		85EA73561BE0ABD6002189C4 /* LIUInterfaceTranManager.h */ = {isa = PBXFileReference; fileEncoding = 4; lastKnownFileType = sourcecode.c.h; path = LIUInterfaceTranManager.h; sourceTree = "<group>"; };
		85EA73571BE0ABD6002189C4 /* LIUInterfaceTranManager.m */ = {isa = PBXFileReference; fileEncoding = 4; lastKnownFileType = sourcecode.c.objc; path = LIUInterfaceTranManager.m; sourceTree = "<group>"; };
/* End PBXFileReference section */

/* Begin PBXFrameworksBuildPhase section */
		8513228F1BC7941100BE09D2 /* Frameworks */ = {
			isa = PBXFrameworksBuildPhase;
			buildActionMask = 2147483647;
			files = (
			);
			runOnlyForDeploymentPostprocessing = 0;
		};
		851322A81BC7941100BE09D2 /* Frameworks */ = {
			isa = PBXFrameworksBuildPhase;
			buildActionMask = 2147483647;
			files = (
			);
			runOnlyForDeploymentPostprocessing = 0;
		};
		851322B31BC7941100BE09D2 /* Frameworks */ = {
			isa = PBXFrameworksBuildPhase;
			buildActionMask = 2147483647;
			files = (
			);
			runOnlyForDeploymentPostprocessing = 0;
		};
/* End PBXFrameworksBuildPhase section */

/* Begin PBXGroup section */
		851322891BC7941100BE09D2 = {
			isa = PBXGroup;
			children = (
				851322941BC7941100BE09D2 /* NavigationAnimation */,
				851322AE1BC7941100BE09D2 /* NavigationAnimationTests */,
				851322B91BC7941100BE09D2 /* NavigationAnimationUITests */,
				851322931BC7941100BE09D2 /* Products */,
			);
			sourceTree = "<group>";
		};
		851322931BC7941100BE09D2 /* Products */ = {
			isa = PBXGroup;
			children = (
				851322921BC7941100BE09D2 /* NavigationAnimation.app */,
				851322AB1BC7941100BE09D2 /* NavigationAnimationTests.xctest */,
				851322B61BC7941100BE09D2 /* NavigationAnimationUITests.xctest */,
			);
			name = Products;
			sourceTree = "<group>";
		};
		851322941BC7941100BE09D2 /* NavigationAnimation */ = {
			isa = PBXGroup;
			children = (
				851322981BC7941100BE09D2 /* AppDelegate.h */,
				851322991BC7941100BE09D2 /* AppDelegate.m */,
				8513229B1BC7941100BE09D2 /* ViewController.h */,
				8513229C1BC7941100BE09D2 /* ViewController.m */,
				8586A5951BD0D3BA0017B971 /* BViewController.h */,
				8586A5961BD0D3BA0017B971 /* BViewController.m */,
				8586A5981BD0D3C20017B971 /* CViewController.h */,
				8586A5991BD0D3C20017B971 /* CViewController.m */,
				85BDB5071BE0D300007D61E1 /* DViewController.h */,
				85BDB5081BE0D300007D61E1 /* DViewController.m */,
				85BDB5091BE0D300007D61E1 /* DViewController.xib */,
				8513229E1BC7941100BE09D2 /* Main.storyboard */,
				851322C81BC794B400BE09D2 /* AnimationConfig */,
				851322A11BC7941100BE09D2 /* Assets.xcassets */,
				851322A31BC7941100BE09D2 /* LaunchScreen.storyboard */,
				851322A61BC7941100BE09D2 /* Info.plist */,
				851322951BC7941100BE09D2 /* Supporting Files */,
			);
			path = NavigationAnimation;
			sourceTree = "<group>";
		};
		851322951BC7941100BE09D2 /* Supporting Files */ = {
			isa = PBXGroup;
			children = (
				851322961BC7941100BE09D2 /* main.m */,
			);
			name = "Supporting Files";
			sourceTree = "<group>";
		};
		851322AE1BC7941100BE09D2 /* NavigationAnimationTests */ = {
			isa = PBXGroup;
			children = (
				851322AF1BC7941100BE09D2 /* NavigationAnimationTests.m */,
				851322B11BC7941100BE09D2 /* Info.plist */,
			);
			path = NavigationAnimationTests;
			sourceTree = "<group>";
		};
		851322B91BC7941100BE09D2 /* NavigationAnimationUITests */ = {
			isa = PBXGroup;
			children = (
				851322BA1BC7941100BE09D2 /* NavigationAnimationUITests.m */,
				851322BC1BC7941100BE09D2 /* Info.plist */,
			);
			path = NavigationAnimationUITests;
			sourceTree = "<group>";
		};
		851322C81BC794B400BE09D2 /* AnimationConfig */ = {
			isa = PBXGroup;
			children = (
				85EA73521BE09EB6002189C4 /* InterfaceAnimation */,
				851322C91BC794B400BE09D2 /* Animations */,
				851322CA1BC794B400BE09D2 /* BaseController */,
			);
			path = AnimationConfig;
			sourceTree = "<group>";
		};
		851322C91BC794B400BE09D2 /* Animations */ = {
			isa = PBXGroup;
			children = (
				851322CE1BC7959800BE09D2 /* LIUAnimationManager.h */,
				851322CF1BC7959800BE09D2 /* LIUAnimationManager.m */,
				851322D41BC79A0300BE09D2 /* LIUBaseAnimation.h */,
				851322D51BC79A0300BE09D2 /* LIUBaseAnimation.m */,
				851322DA1BC7A8DF00BE09D2 /* LIUCustomAnimation.h */,
				851322DB1BC7A8DF00BE09D2 /* LIUCustomAnimation.m */,
				8586A5921BD0CFE80017B971 /* LIUTransitionAnimation.h */,
				8586A5931BD0CFE80017B971 /* LIUTransitionAnimation.m */,
			);
			path = Animations;
			sourceTree = "<group>";
		};
		851322CA1BC794B400BE09D2 /* BaseController */ = {
			isa = PBXGroup;
			children = (
				851322CB1BC794CB00BE09D2 /* LIUBaseViewController.h */,
				851322CC1BC794CB00BE09D2 /* LIUBaseViewController.m */,
			);
			path = BaseController;
			sourceTree = "<group>";
		};
		85EA73521BE09EB6002189C4 /* InterfaceAnimation */ = {
			isa = PBXGroup;
			children = (
				85EA73531BE09ED2002189C4 /* LIUBaseInterfaceAnimation.h */,
				85EA73541BE09ED2002189C4 /* LIUBaseInterfaceAnimation.m */,
				85EA73561BE0ABD6002189C4 /* LIUInterfaceTranManager.h */,
				85EA73571BE0ABD6002189C4 /* LIUInterfaceTranManager.m */,
			);
			path = InterfaceAnimation;
			sourceTree = "<group>";
		};
/* End PBXGroup section */

/* Begin PBXNativeTarget section */
		851322911BC7941100BE09D2 /* NavigationAnimation */ = {
			isa = PBXNativeTarget;
			buildConfigurationList = 851322BF1BC7941100BE09D2 /* Build configuration list for PBXNativeTarget "NavigationAnimation" */;
			buildPhases = (
				8513228E1BC7941100BE09D2 /* Sources */,
				8513228F1BC7941100BE09D2 /* Frameworks */,
				851322901BC7941100BE09D2 /* Resources */,
			);
			buildRules = (
			);
			dependencies = (
			);
			name = NavigationAnimation;
			productName = NavigationAnimation;
			productReference = 851322921BC7941100BE09D2 /* NavigationAnimation.app */;
			productType = "com.apple.product-type.application";
		};
		851322AA1BC7941100BE09D2 /* NavigationAnimationTests */ = {
			isa = PBXNativeTarget;
			buildConfigurationList = 851322C21BC7941100BE09D2 /* Build configuration list for PBXNativeTarget "NavigationAnimationTests" */;
			buildPhases = (
				851322A71BC7941100BE09D2 /* Sources */,
				851322A81BC7941100BE09D2 /* Frameworks */,
				851322A91BC7941100BE09D2 /* Resources */,
			);
			buildRules = (
			);
			dependencies = (
				851322AD1BC7941100BE09D2 /* PBXTargetDependency */,
			);
			name = NavigationAnimationTests;
			productName = NavigationAnimationTests;
			productReference = 851322AB1BC7941100BE09D2 /* NavigationAnimationTests.xctest */;
			productType = "com.apple.product-type.bundle.unit-test";
		};
		851322B51BC7941100BE09D2 /* NavigationAnimationUITests */ = {
			isa = PBXNativeTarget;
			buildConfigurationList = 851322C51BC7941100BE09D2 /* Build configuration list for PBXNativeTarget "NavigationAnimationUITests" */;
			buildPhases = (
				851322B21BC7941100BE09D2 /* Sources */,
				851322B31BC7941100BE09D2 /* Frameworks */,
				851322B41BC7941100BE09D2 /* Resources */,
			);
			buildRules = (
			);
			dependencies = (
				851322B81BC7941100BE09D2 /* PBXTargetDependency */,
			);
			name = NavigationAnimationUITests;
			productName = NavigationAnimationUITests;
			productReference = 851322B61BC7941100BE09D2 /* NavigationAnimationUITests.xctest */;
			productType = "com.apple.product-type.bundle.ui-testing";
		};
/* End PBXNativeTarget section */

/* Begin PBXProject section */
		8513228A1BC7941100BE09D2 /* Project object */ = {
			isa = PBXProject;
			attributes = {
				LastUpgradeCheck = 0700;
				ORGANIZATIONNAME = liujun;
				TargetAttributes = {
					851322911BC7941100BE09D2 = {
						CreatedOnToolsVersion = 7.0.1;
					};
					851322AA1BC7941100BE09D2 = {
						CreatedOnToolsVersion = 7.0.1;
						TestTargetID = 851322911BC7941100BE09D2;
					};
					851322B51BC7941100BE09D2 = {
						CreatedOnToolsVersion = 7.0.1;
						TestTargetID = 851322911BC7941100BE09D2;
					};
				};
			};
			buildConfigurationList = 8513228D1BC7941100BE09D2 /* Build configuration list for PBXProject "NavigationAnimation" */;
			compatibilityVersion = "Xcode 3.2";
			developmentRegion = English;
			hasScannedForEncodings = 0;
			knownRegions = (
				en,
				Base,
			);
			mainGroup = 851322891BC7941100BE09D2;
			productRefGroup = 851322931BC7941100BE09D2 /* Products */;
			projectDirPath = "";
			projectRoot = "";
			targets = (
				851322911BC7941100BE09D2 /* NavigationAnimation */,
				851322AA1BC7941100BE09D2 /* NavigationAnimationTests */,
				851322B51BC7941100BE09D2 /* NavigationAnimationUITests */,
			);
		};
/* End PBXProject section */

/* Begin PBXResourcesBuildPhase section */
		851322901BC7941100BE09D2 /* Resources */ = {
			isa = PBXResourcesBuildPhase;
			buildActionMask = 2147483647;
			files = (
				851322A51BC7941100BE09D2 /* LaunchScreen.storyboard in Resources */,
				851322A21BC7941100BE09D2 /* Assets.xcassets in Resources */,
				851322A01BC7941100BE09D2 /* Main.storyboard in Resources */,
				85BDB50B1BE0D300007D61E1 /* DViewController.xib in Resources */,
			);
			runOnlyForDeploymentPostprocessing = 0;
		};
		851322A91BC7941100BE09D2 /* Resources */ = {
			isa = PBXResourcesBuildPhase;
			buildActionMask = 2147483647;
			files = (
			);
			runOnlyForDeploymentPostprocessing = 0;
		};
		851322B41BC7941100BE09D2 /* Resources */ = {
			isa = PBXResourcesBuildPhase;
			buildActionMask = 2147483647;
			files = (
			);
			runOnlyForDeploymentPostprocessing = 0;
		};
/* End PBXResourcesBuildPhase section */

/* Begin PBXSourcesBuildPhase section */
		8513228E1BC7941100BE09D2 /* Sources */ = {
			isa = PBXSourcesBuildPhase;
			buildActionMask = 2147483647;
			files = (
				85EA73551BE09ED2002189C4 /* LIUBaseInterfaceAnimation.m in Sources */,
				8586A59A1BD0D3C20017B971 /* CViewController.m in Sources */,
				8586A5941BD0CFE80017B971 /* LIUTransitionAnimation.m in Sources */,
				85EA73581BE0ABD7002189C4 /* LIUInterfaceTranManager.m in Sources */,
				8513229D1BC7941100BE09D2 /* ViewController.m in Sources */,
				8513229A1BC7941100BE09D2 /* AppDelegate.m in Sources */,
				851322D61BC79A0300BE09D2 /* LIUBaseAnimation.m in Sources */,
				8586A5971BD0D3BA0017B971 /* BViewController.m in Sources */,
				851322D01BC7959800BE09D2 /* LIUAnimationManager.m in Sources */,
				851322DC1BC7A8DF00BE09D2 /* LIUCustomAnimation.m in Sources */,
				85BDB50A1BE0D300007D61E1 /* DViewController.m in Sources */,
				851322CD1BC794CB00BE09D2 /* LIUBaseViewController.m in Sources */,
				851322971BC7941100BE09D2 /* main.m in Sources */,
			);
			runOnlyForDeploymentPostprocessing = 0;
		};
		851322A71BC7941100BE09D2 /* Sources */ = {
			isa = PBXSourcesBuildPhase;
			buildActionMask = 2147483647;
			files = (
				851322B01BC7941100BE09D2 /* NavigationAnimationTests.m in Sources */,
			);
			runOnlyForDeploymentPostprocessing = 0;
		};
		851322B21BC7941100BE09D2 /* Sources */ = {
			isa = PBXSourcesBuildPhase;
			buildActionMask = 2147483647;
			files = (
				851322BB1BC7941100BE09D2 /* NavigationAnimationUITests.m in Sources */,
			);
			runOnlyForDeploymentPostprocessing = 0;
		};
/* End PBXSourcesBuildPhase section */

/* Begin PBXTargetDependency section */
		851322AD1BC7941100BE09D2 /* PBXTargetDependency */ = {
			isa = PBXTargetDependency;
			target = 851322911BC7941100BE09D2 /* NavigationAnimation */;
			targetProxy = 851322AC1BC7941100BE09D2 /* PBXContainerItemProxy */;
		};
		851322B81BC7941100BE09D2 /* PBXTargetDependency */ = {
			isa = PBXTargetDependency;
			target = 851322911BC7941100BE09D2 /* NavigationAnimation */;
			targetProxy = 851322B71BC7941100BE09D2 /* PBXContainerItemProxy */;
		};
/* End PBXTargetDependency section */

/* Begin PBXVariantGroup section */
		8513229E1BC7941100BE09D2 /* Main.storyboard */ = {
			isa = PBXVariantGroup;
			children = (
				8513229F1BC7941100BE09D2 /* Base */,
			);
			name = Main.storyboard;
			sourceTree = "<group>";
		};
		851322A31BC7941100BE09D2 /* LaunchScreen.storyboard */ = {
			isa = PBXVariantGroup;
			children = (
				851322A41BC7941100BE09D2 /* Base */,
			);
			name = LaunchScreen.storyboard;
			sourceTree = "<group>";
		};
/* End PBXVariantGroup section */

/* Begin XCBuildConfiguration section */
		851322BD1BC7941100BE09D2 /* Debug */ = {
			isa = XCBuildConfiguration;
			buildSettings = {
				ALWAYS_SEARCH_USER_PATHS = NO;
				CLANG_CXX_LANGUAGE_STANDARD = "gnu++0x";
				CLANG_CXX_LIBRARY = "libc++";
				CLANG_ENABLE_MODULES = YES;
				CLANG_ENABLE_OBJC_ARC = YES;
				CLANG_WARN_BOOL_CONVERSION = YES;
				CLANG_WARN_CONSTANT_CONVERSION = YES;
				CLANG_WARN_DIRECT_OBJC_ISA_USAGE = YES_ERROR;
				CLANG_WARN_EMPTY_BODY = YES;
				CLANG_WARN_ENUM_CONVERSION = YES;
				CLANG_WARN_INT_CONVERSION = YES;
				CLANG_WARN_OBJC_ROOT_CLASS = YES_ERROR;
				CLANG_WARN_UNREACHABLE_CODE = YES;
				CLANG_WARN__DUPLICATE_METHOD_MATCH = YES;
				"CODE_SIGN_IDENTITY[sdk=iphoneos*]" = "iPhone Developer";
				COPY_PHASE_STRIP = NO;
				DEBUG_INFORMATION_FORMAT = dwarf;
				ENABLE_STRICT_OBJC_MSGSEND = YES;
				ENABLE_TESTABILITY = YES;
				GCC_C_LANGUAGE_STANDARD = gnu99;
				GCC_DYNAMIC_NO_PIC = NO;
				GCC_NO_COMMON_BLOCKS = YES;
				GCC_OPTIMIZATION_LEVEL = 0;
				GCC_PREPROCESSOR_DEFINITIONS = (
					"DEBUG=1",
					"$(inherited)",
				);
				GCC_WARN_64_TO_32_BIT_CONVERSION = YES;
				GCC_WARN_ABOUT_RETURN_TYPE = YES_ERROR;
				GCC_WARN_UNDECLARED_SELECTOR = YES;
				GCC_WARN_UNINITIALIZED_AUTOS = YES_AGGRESSIVE;
				GCC_WARN_UNUSED_FUNCTION = YES;
				GCC_WARN_UNUSED_VARIABLE = YES;
				IPHONEOS_DEPLOYMENT_TARGET = 9.0;
				MTL_ENABLE_DEBUG_INFO = YES;
				ONLY_ACTIVE_ARCH = YES;
				SDKROOT = iphoneos;
			};
			name = Debug;
		};
		851322BE1BC7941100BE09D2 /* Release */ = {
			isa = XCBuildConfiguration;
			buildSettings = {
				ALWAYS_SEARCH_USER_PATHS = NO;
				CLANG_CXX_LANGUAGE_STANDARD = "gnu++0x";
				CLANG_CXX_LIBRARY = "libc++";
				CLANG_ENABLE_MODULES = YES;
				CLANG_ENABLE_OBJC_ARC = YES;
				CLANG_WARN_BOOL_CONVERSION = YES;
				CLANG_WARN_CONSTANT_CONVERSION = YES;
				CLANG_WARN_DIRECT_OBJC_ISA_USAGE = YES_ERROR;
				CLANG_WARN_EMPTY_BODY = YES;
				CLANG_WARN_ENUM_CONVERSION = YES;
				CLANG_WARN_INT_CONVERSION = YES;
				CLANG_WARN_OBJC_ROOT_CLASS = YES_ERROR;
				CLANG_WARN_UNREACHABLE_CODE = YES;
				CLANG_WARN__DUPLICATE_METHOD_MATCH = YES;
				"CODE_SIGN_IDENTITY[sdk=iphoneos*]" = "iPhone Developer";
				COPY_PHASE_STRIP = NO;
				DEBUG_INFORMATION_FORMAT = "dwarf-with-dsym";
				ENABLE_NS_ASSERTIONS = NO;
				ENABLE_STRICT_OBJC_MSGSEND = YES;
				GCC_C_LANGUAGE_STANDARD = gnu99;
				GCC_NO_COMMON_BLOCKS = YES;
				GCC_WARN_64_TO_32_BIT_CONVERSION = YES;
				GCC_WARN_ABOUT_RETURN_TYPE = YES_ERROR;
				GCC_WARN_UNDECLARED_SELECTOR = YES;
				GCC_WARN_UNINITIALIZED_AUTOS = YES_AGGRESSIVE;
				GCC_WARN_UNUSED_FUNCTION = YES;
				GCC_WARN_UNUSED_VARIABLE = YES;
				IPHONEOS_DEPLOYMENT_TARGET = 9.0;
				MTL_ENABLE_DEBUG_INFO = NO;
				SDKROOT = iphoneos;
				VALIDATE_PRODUCT = YES;
			};
			name = Release;
		};
		851322C01BC7941100BE09D2 /* Debug */ = {
			isa = XCBuildConfiguration;
			buildSettings = {
				ASSETCATALOG_COMPILER_APPICON_NAME = AppIcon;
				INFOPLIST_FILE = NavigationAnimation/Info.plist;
				LD_RUNPATH_SEARCH_PATHS = "$(inherited) @executable_path/Frameworks";
				PRODUCT_BUNDLE_IDENTIFIER = com.liujun.NavigationAnimation;
				PRODUCT_NAME = "$(TARGET_NAME)";
			};
			name = Debug;
		};
		851322C11BC7941100BE09D2 /* Release */ = {
			isa = XCBuildConfiguration;
			buildSettings = {
				ASSETCATALOG_COMPILER_APPICON_NAME = AppIcon;
				INFOPLIST_FILE = NavigationAnimation/Info.plist;
				LD_RUNPATH_SEARCH_PATHS = "$(inherited) @executable_path/Frameworks";
				PRODUCT_BUNDLE_IDENTIFIER = com.liujun.NavigationAnimation;
				PRODUCT_NAME = "$(TARGET_NAME)";
			};
			name = Release;
		};
		851322C31BC7941100BE09D2 /* Debug */ = {
			isa = XCBuildConfiguration;
			buildSettings = {
				BUNDLE_LOADER = "$(TEST_HOST)";
				INFOPLIST_FILE = NavigationAnimationTests/Info.plist;
				LD_RUNPATH_SEARCH_PATHS = "$(inherited) @executable_path/Frameworks @loader_path/Frameworks";
				PRODUCT_BUNDLE_IDENTIFIER = com.liujun.NavigationAnimationTests;
				PRODUCT_NAME = "$(TARGET_NAME)";
				TEST_HOST = "$(BUILT_PRODUCTS_DIR)/NavigationAnimation.app/NavigationAnimation";
			};
			name = Debug;
		};
		851322C41BC7941100BE09D2 /* Release */ = {
			isa = XCBuildConfiguration;
			buildSettings = {
				BUNDLE_LOADER = "$(TEST_HOST)";
				INFOPLIST_FILE = NavigationAnimationTests/Info.plist;
				LD_RUNPATH_SEARCH_PATHS = "$(inherited) @executable_path/Frameworks @loader_path/Frameworks";
				PRODUCT_BUNDLE_IDENTIFIER = com.liujun.NavigationAnimationTests;
				PRODUCT_NAME = "$(TARGET_NAME)";
				TEST_HOST = "$(BUILT_PRODUCTS_DIR)/NavigationAnimation.app/NavigationAnimation";
			};
			name = Release;
		};
		851322C61BC7941100BE09D2 /* Debug */ = {
			isa = XCBuildConfiguration;
			buildSettings = {
				INFOPLIST_FILE = NavigationAnimationUITests/Info.plist;
				LD_RUNPATH_SEARCH_PATHS = "$(inherited) @executable_path/Frameworks @loader_path/Frameworks";
				PRODUCT_BUNDLE_IDENTIFIER = com.liujun.NavigationAnimationUITests;
				PRODUCT_NAME = "$(TARGET_NAME)";
				TEST_TARGET_NAME = NavigationAnimation;
				USES_XCTRUNNER = YES;
			};
			name = Debug;
		};
		851322C71BC7941100BE09D2 /* Release */ = {
			isa = XCBuildConfiguration;
			buildSettings = {
				INFOPLIST_FILE = NavigationAnimationUITests/Info.plist;
				LD_RUNPATH_SEARCH_PATHS = "$(inherited) @executable_path/Frameworks @loader_path/Frameworks";
				PRODUCT_BUNDLE_IDENTIFIER = com.liujun.NavigationAnimationUITests;
				PRODUCT_NAME = "$(TARGET_NAME)";
				TEST_TARGET_NAME = NavigationAnimation;
				USES_XCTRUNNER = YES;
			};
			name = Release;
		};
/* End XCBuildConfiguration section */

/* Begin XCConfigurationList section */
		8513228D1BC7941100BE09D2 /* Build configuration list for PBXProject "NavigationAnimation" */ = {
			isa = XCConfigurationList;
			buildConfigurations = (
				851322BD1BC7941100BE09D2 /* Debug */,
				851322BE1BC7941100BE09D2 /* Release */,
			);
			defaultConfigurationIsVisible = 0;
			defaultConfigurationName = Release;
		};
		851322BF1BC7941100BE09D2 /* Build configuration list for PBXNativeTarget "NavigationAnimation" */ = {
			isa = XCConfigurationList;
			buildConfigurations = (
				851322C01BC7941100BE09D2 /* Debug */,
				851322C11BC7941100BE09D2 /* Release */,
			);
			defaultConfigurationIsVisible = 0;
			defaultConfigurationName = Release;
		};
		851322C21BC7941100BE09D2 /* Build configuration list for PBXNativeTarget "NavigationAnimationTests" */ = {
			isa = XCConfigurationList;
			buildConfigurations = (
				851322C31BC7941100BE09D2 /* Debug */,
				851322C41BC7941100BE09D2 /* Release */,
			);
			defaultConfigurationIsVisible = 0;
			defaultConfigurationName = Release;
		};
		851322C51BC7941100BE09D2 /* Build configuration list for PBXNativeTarget "NavigationAnimationUITests" */ = {
			isa = XCConfigurationList;
			buildConfigurations = (
				851322C61BC7941100BE09D2 /* Debug */,
				851322C71BC7941100BE09D2 /* Release */,
			);
			defaultConfigurationIsVisible = 0;
			defaultConfigurationName = Release;
		};
/* End XCConfigurationList section */
	};
	rootObject = 8513228A1BC7941100BE09D2 /* Project object */;
}
